
Microsoft Visual Studio Solution File, Format Version 12.00
# Visual Studio 2013
VisualStudioVersion = 12.0.30501.0
MinimumVisualStudioVersion = 10.0.40219.1
Project("{FAE04EC0-301F-11D3-BF4B-00C04F79EFBC}") = "1.Draw", "1.Draw\1.Draw.csproj", "{4CAF6FA8-BD65-478E-B2A5-58326764E03E}"
EndProject
Project("{FAE04EC0-301F-11D3-BF4B-00C04F79EFBC}") = "2.FlyingBall", "2.FlyingBall\2.FlyingBall.csproj", "{B581000B-2B45-456F-9217-29F22FE018CD}"
EndProject
Global
	GlobalSection(SolutionConfigurationPlatforms) = preSolution
		Debug|Any CPU = Debug|Any CPU
		Release|Any CPU = Release|Any CPU
	EndGlobalSection
	GlobalSection(ProjectConfigurationPlatforms) = postSolution
		{4CAF6FA8-BD65-478E-B2A5-58326764E03E}.Debug|Any CPU.ActiveCfg = Debug|Any CPU
		{4CAF6FA8-BD65-478E-B2A5-58326764E03E}.Debug|Any CPU.Build.0 = Debug|Any CPU
		{4CAF6FA8-BD65-478E-B2A5-58326764E03E}.Release|Any CPU.ActiveCfg = Release|Any CPU
		{4CAF6FA8-BD65-478E-B2A5-58326764E03E}.Release|Any CPU.Build.0 = Release|Any CPU
		{B581000B-2B45-456F-9217-29F22FE018CD}.Debug|Any CPU.ActiveCfg = Debug|Any CPU
		{B581000B-2B45-456F-9217-29F22FE018CD}.Debug|Any CPU.Build.0 = Debug|Any CPU
		{B581000B-2B45-456F-9217-29F22FE018CD}.Release|Any CPU.ActiveCfg = Release|Any CPU
		{B581000B-2B45-456F-9217-29F22FE018CD}.Release|Any CPU.Build.0 = Release|Any CPU
	EndGlobalSection
	GlobalSection(SolutionProperties) = preSolution
		HideSolutionNode = FALSE
	EndGlobalSection
EndGlobal
