
Microsoft Visual Studio Solution File, Format Version 12.00
# Visual Studio 2013
VisualStudioVersion = 12.0.30501.0
MinimumVisualStudioVersion = 10.0.40219.1
Project("{FAE04EC0-301F-11D3-BF4B-00C04F79EFBC}") = "KineticsJS", "KineticsJS\KineticsJS.csproj", "{2022D152-BB82-4FFD-85E1-1BEA6D120E29}"
EndProject
Global
	GlobalSection(SolutionConfigurationPlatforms) = preSolution
		Debug|Any CPU = Debug|Any CPU
		Release|Any CPU = Release|Any CPU
	EndGlobalSection
	GlobalSection(ProjectConfigurationPlatforms) = postSolution
		{2022D152-BB82-4FFD-85E1-1BEA6D120E29}.Debug|Any CPU.ActiveCfg = Debug|Any CPU
		{2022D152-BB82-4FFD-85E1-1BEA6D120E29}.Debug|Any CPU.Build.0 = Debug|Any CPU
		{2022D152-BB82-4FFD-85E1-1BEA6D120E29}.Release|Any CPU.ActiveCfg = Release|Any CPU
		{2022D152-BB82-4FFD-85E1-1BEA6D120E29}.Release|Any CPU.Build.0 = Release|Any CPU
	EndGlobalSection
	GlobalSection(SolutionProperties) = preSolution
		HideSolutionNode = FALSE
	EndGlobalSection
EndGlobal
