
Microsoft Visual Studio Solution File, Format Version 12.00
# Visual Studio 2013
VisualStudioVersion = 12.0.30501.0
MinimumVisualStudioVersion = 10.0.40219.1
Project("{FAE04EC0-301F-11D3-BF4B-00C04F79EFBC}") = "GetJSONandPostJSON", "ConsumingRemoteData\GetJSONandPostJSON.csproj", "{29691837-8D36-4715-BA8A-905D7F293DDB}"
EndProject
Project("{FAE04EC0-301F-11D3-BF4B-00C04F79EFBC}") = "VisualizeTweets", "VisualizeTweets\VisualizeTweets.csproj", "{6237FF50-FD0C-4897-819A-729E7A3418BA}"
EndProject
Project("{FAE04EC0-301F-11D3-BF4B-00C04F79EFBC}") = "ManagingStudents", "ManagingStudents\ManagingStudents.csproj", "{EAD7A0F9-B7D5-4942-BEF4-530C5A10539A}"
EndProject
Global
	GlobalSection(SolutionConfigurationPlatforms) = preSolution
		Debug|Any CPU = Debug|Any CPU
		Release|Any CPU = Release|Any CPU
	EndGlobalSection
	GlobalSection(ProjectConfigurationPlatforms) = postSolution
		{29691837-8D36-4715-BA8A-905D7F293DDB}.Debug|Any CPU.ActiveCfg = Debug|Any CPU
		{29691837-8D36-4715-BA8A-905D7F293DDB}.Debug|Any CPU.Build.0 = Debug|Any CPU
		{29691837-8D36-4715-BA8A-905D7F293DDB}.Release|Any CPU.ActiveCfg = Release|Any CPU
		{29691837-8D36-4715-BA8A-905D7F293DDB}.Release|Any CPU.Build.0 = Release|Any CPU
		{6237FF50-FD0C-4897-819A-729E7A3418BA}.Debug|Any CPU.ActiveCfg = Debug|Any CPU
		{6237FF50-FD0C-4897-819A-729E7A3418BA}.Debug|Any CPU.Build.0 = Debug|Any CPU
		{6237FF50-FD0C-4897-819A-729E7A3418BA}.Release|Any CPU.ActiveCfg = Release|Any CPU
		{6237FF50-FD0C-4897-819A-729E7A3418BA}.Release|Any CPU.Build.0 = Release|Any CPU
		{EAD7A0F9-B7D5-4942-BEF4-530C5A10539A}.Debug|Any CPU.ActiveCfg = Debug|Any CPU
		{EAD7A0F9-B7D5-4942-BEF4-530C5A10539A}.Debug|Any CPU.Build.0 = Debug|Any CPU
		{EAD7A0F9-B7D5-4942-BEF4-530C5A10539A}.Release|Any CPU.ActiveCfg = Release|Any CPU
		{EAD7A0F9-B7D5-4942-BEF4-530C5A10539A}.Release|Any CPU.Build.0 = Release|Any CPU
	EndGlobalSection
	GlobalSection(SolutionProperties) = preSolution
		HideSolutionNode = FALSE
	EndGlobalSection
EndGlobal
