
Microsoft Visual Studio Solution File, Format Version 12.00
# Visual Studio 2012
Project("{FAE04EC0-301F-11D3-BF4B-00C04F79EFBC}") = "CSS Overview Homework", "CSS Overview Homework\CSS Overview Homework.csproj", "{4A246D4D-3C30-4479-8895-D3DD3520ED5B}"
EndProject
Global
	GlobalSection(SolutionConfigurationPlatforms) = preSolution
		Debug|Any CPU = Debug|Any CPU
		Release|Any CPU = Release|Any CPU
	EndGlobalSection
	GlobalSection(ProjectConfigurationPlatforms) = postSolution
		{4A246D4D-3C30-4479-8895-D3DD3520ED5B}.Debug|Any CPU.ActiveCfg = Debug|Any CPU
		{4A246D4D-3C30-4479-8895-D3DD3520ED5B}.Debug|Any CPU.Build.0 = Debug|Any CPU
		{4A246D4D-3C30-4479-8895-D3DD3520ED5B}.Release|Any CPU.ActiveCfg = Release|Any CPU
		{4A246D4D-3C30-4479-8895-D3DD3520ED5B}.Release|Any CPU.Build.0 = Release|Any CPU
	EndGlobalSection
	GlobalSection(SolutionProperties) = preSolution
		HideSolutionNode = FALSE
	EndGlobalSection
EndGlobal
